
Microsoft Visual Studio Solution File, Format Version 12.00
# Visual Studio 2017
Project("{FAE04EC0-301F-11D3-BF4B-00C04F79EFBC}") = "Better Perception", "Better Perception.csproj", "{9B5A0865-4E83-87A2-9260-9045D92DC9F6}"
EndProject
Project("{FAE04EC0-301F-11D3-BF4B-00C04F79EFBC}") = "Better Perception.Editor", "Better Perception.Editor.csproj", "{8E2CF618-639B-D570-2565-E118E5893CFB}"
EndProject
Global
	GlobalSection(SolutionConfigurationPlatforms) = preSolution
		Debug|Any CPU = Debug|Any CPU
		Release|Any CPU = Release|Any CPU
	EndGlobalSection
	GlobalSection(ProjectConfigurationPlatforms) = postSolution
		{9B5A0865-4E83-87A2-9260-9045D92DC9F6}.Debug|Any CPU.ActiveCfg = Debug|Any CPU
		{9B5A0865-4E83-87A2-9260-9045D92DC9F6}.Debug|Any CPU.Build.0 = Debug|Any CPU
		{9B5A0865-4E83-87A2-9260-9045D92DC9F6}.Release|Any CPU.ActiveCfg = Release|Any CPU
		{9B5A0865-4E83-87A2-9260-9045D92DC9F6}.Release|Any CPU.Build.0 = Release|Any CPU
		{8E2CF618-639B-D570-2565-E118E5893CFB}.Debug|Any CPU.ActiveCfg = Debug|Any CPU
		{8E2CF618-639B-D570-2565-E118E5893CFB}.Debug|Any CPU.Build.0 = Debug|Any CPU
		{8E2CF618-639B-D570-2565-E118E5893CFB}.Release|Any CPU.ActiveCfg = Release|Any CPU
		{8E2CF618-639B-D570-2565-E118E5893CFB}.Release|Any CPU.Build.0 = Release|Any CPU
	EndGlobalSection
	GlobalSection(SolutionProperties) = preSolution
		HideSolutionNode = FALSE
	EndGlobalSection
EndGlobal
