
Microsoft Visual Studio Solution File, Format Version 12.00
# Visual Studio 2017
Project("{FAE04EC0-301F-11D3-BF4B-00C04F79EFBC}") = "Better Perception_WwiseIntegrationTemp", "Better Perception_WwiseIntegrationTemp.csproj", "{77B0172F-19AE-BB38-4CA9-139317D2D301}"
EndProject
Project("{FAE04EC0-301F-11D3-BF4B-00C04F79EFBC}") = "Better Perception_WwiseIntegrationTemp.Editor", "Better Perception_WwiseIntegrationTemp.Editor.csproj", "{55E4884F-7AAD-A578-64C5-5B19739724A4}"
EndProject
Global
	GlobalSection(SolutionConfigurationPlatforms) = preSolution
		Debug|Any CPU = Debug|Any CPU
		Release|Any CPU = Release|Any CPU
	EndGlobalSection
	GlobalSection(ProjectConfigurationPlatforms) = postSolution
		{77B0172F-19AE-BB38-4CA9-139317D2D301}.Debug|Any CPU.ActiveCfg = Debug|Any CPU
		{77B0172F-19AE-BB38-4CA9-139317D2D301}.Debug|Any CPU.Build.0 = Debug|Any CPU
		{77B0172F-19AE-BB38-4CA9-139317D2D301}.Release|Any CPU.ActiveCfg = Release|Any CPU
		{77B0172F-19AE-BB38-4CA9-139317D2D301}.Release|Any CPU.Build.0 = Release|Any CPU
		{55E4884F-7AAD-A578-64C5-5B19739724A4}.Debug|Any CPU.ActiveCfg = Debug|Any CPU
		{55E4884F-7AAD-A578-64C5-5B19739724A4}.Debug|Any CPU.Build.0 = Debug|Any CPU
		{55E4884F-7AAD-A578-64C5-5B19739724A4}.Release|Any CPU.ActiveCfg = Release|Any CPU
		{55E4884F-7AAD-A578-64C5-5B19739724A4}.Release|Any CPU.Build.0 = Release|Any CPU
	EndGlobalSection
	GlobalSection(SolutionProperties) = preSolution
		HideSolutionNode = FALSE
	EndGlobalSection
EndGlobal
